
Microsoft Visual Studio Solution File, Format Version 12.00
# Visual Studio Version 17
VisualStudioVersion = 17.13.35806.99 d17.13
MinimumVisualStudioVersion = 10.0.40219.1
Project("{FAE04EC0-301F-11D3-BF4B-00C04F79EFBC}") = "CandyFactory", "CandyFactory\CandyFactory.csproj", "{DEED9962-F5D5-4C94-AE0F-CA3B68807A99}"
EndProject
Global
	GlobalSection(SolutionConfigurationPlatforms) = preSolution
		Debug|Any CPU = Debug|Any CPU
		Release|Any CPU = Release|Any CPU
	EndGlobalSection
	GlobalSection(ProjectConfigurationPlatforms) = postSolution
		{DEED9962-F5D5-4C94-AE0F-CA3B68807A99}.Debug|Any CPU.ActiveCfg = Debug|Any CPU
		{DEED9962-F5D5-4C94-AE0F-CA3B68807A99}.Debug|Any CPU.Build.0 = Debug|Any CPU
		{DEED9962-F5D5-4C94-AE0F-CA3B68807A99}.Release|Any CPU.ActiveCfg = Release|Any CPU
		{DEED9962-F5D5-4C94-AE0F-CA3B68807A99}.Release|Any CPU.Build.0 = Release|Any CPU
	EndGlobalSection
	GlobalSection(SolutionProperties) = preSolution
		HideSolutionNode = FALSE
	EndGlobalSection
	GlobalSection(ExtensibilityGlobals) = postSolution
		SolutionGuid = {6BBAE4BA-1A73-4624-ACBC-0E7FF84F492E}
	EndGlobalSection
EndGlobal
